
Microsoft Visual Studio Solution File, Format Version 12.00
# Visual Studio Version 17
VisualStudioVersion = 17.10.35004.147
MinimumVisualStudioVersion = 10.0.40219.1
Project("{FAE04EC0-301F-11D3-BF4B-00C04F79EFBC}") = "JeuEchec", "JeuEchec.csproj", "{8B9E2598-DC5F-4D0F-8EDE-4861199D2172}"
EndProject
Global
	GlobalSection(SolutionConfigurationPlatforms) = preSolution
		Debug|Any CPU = Debug|Any CPU
		Release|Any CPU = Release|Any CPU
	EndGlobalSection
	GlobalSection(ProjectConfigurationPlatforms) = postSolution
		{8B9E2598-DC5F-4D0F-8EDE-4861199D2172}.Debug|Any CPU.ActiveCfg = Debug|Any CPU
		{8B9E2598-DC5F-4D0F-8EDE-4861199D2172}.Debug|Any CPU.Build.0 = Debug|Any CPU
		{8B9E2598-DC5F-4D0F-8EDE-4861199D2172}.Release|Any CPU.ActiveCfg = Release|Any CPU
		{8B9E2598-DC5F-4D0F-8EDE-4861199D2172}.Release|Any CPU.Build.0 = Release|Any CPU
	EndGlobalSection
	GlobalSection(SolutionProperties) = preSolution
		HideSolutionNode = FALSE
	EndGlobalSection
	GlobalSection(ExtensibilityGlobals) = postSolution
		SolutionGuid = {718B0191-5B64-4470-AC55-5E22B61976E3}
	EndGlobalSection
EndGlobal
